
Microsoft Visual Studio Solution File, Format Version 12.00
# Visual Studio 14
VisualStudioVersion = 14.0.23107.0
MinimumVisualStudioVersion = 10.0.40219.1
Project("{FAE04EC0-301F-11D3-BF4B-00C04F79EFBC}") = "ProtocolAndService_UWP", "ProtocolAndService_UWP\ProtocolAndService_UWP.csproj", "{E6B93F1E-1AE3-4557-B05E-7F08EB7D9956}"
EndProject
Project("{FAE04EC0-301F-11D3-BF4B-00C04F79EFBC}") = "ProtocolHandlerAPP", "ProtocolHandlerAPP\ProtocolHandlerAPP.csproj", "{A343D14C-E5C3-4D80-8652-D598877E15BA}"
EndProject
Project("{FAE04EC0-301F-11D3-BF4B-00C04F79EFBC}") = "ServiceAPP", "ServiceAPP\ServiceAPP.csproj", "{7A0C6B2F-1D31-425D-8A91-9D290010219F}"
EndProject
Project("{2150E333-8FDC-42A3-9474-1A3956D46DE8}") = "Launcher", "Launcher", "{3F90ECAF-D42C-49BA-9556-DA22B396A167}"
EndProject
Project("{2150E333-8FDC-42A3-9474-1A3956D46DE8}") = "Protocol", "Protocol", "{9E9D6907-BBBF-447A-BA0C-BACA31DCCDF4}"
EndProject
Project("{2150E333-8FDC-42A3-9474-1A3956D46DE8}") = "Service", "Service", "{F946F0BB-B95B-4CC1-BED6-54DC6F10FF45}"
EndProject
Project("{FAE04EC0-301F-11D3-BF4B-00C04F79EFBC}") = "MySampleService", "MySampleService\MySampleService.csproj", "{B43E807F-283D-4A3C-99E4-BEF150DE36AE}"
EndProject
Global
	GlobalSection(SolutionConfigurationPlatforms) = preSolution
		Debug|Any CPU = Debug|Any CPU
		Debug|ARM = Debug|ARM
		Debug|x64 = Debug|x64
		Debug|x86 = Debug|x86
		Release|Any CPU = Release|Any CPU
		Release|ARM = Release|ARM
		Release|x64 = Release|x64
		Release|x86 = Release|x86
	EndGlobalSection
	GlobalSection(ProjectConfigurationPlatforms) = postSolution
		{E6B93F1E-1AE3-4557-B05E-7F08EB7D9956}.Debug|Any CPU.ActiveCfg = Debug|x86
		{E6B93F1E-1AE3-4557-B05E-7F08EB7D9956}.Debug|ARM.ActiveCfg = Debug|ARM
		{E6B93F1E-1AE3-4557-B05E-7F08EB7D9956}.Debug|ARM.Build.0 = Debug|ARM
		{E6B93F1E-1AE3-4557-B05E-7F08EB7D9956}.Debug|ARM.Deploy.0 = Debug|ARM
		{E6B93F1E-1AE3-4557-B05E-7F08EB7D9956}.Debug|x64.ActiveCfg = Debug|x64
		{E6B93F1E-1AE3-4557-B05E-7F08EB7D9956}.Debug|x64.Build.0 = Debug|x64
		{E6B93F1E-1AE3-4557-B05E-7F08EB7D9956}.Debug|x64.Deploy.0 = Debug|x64
		{E6B93F1E-1AE3-4557-B05E-7F08EB7D9956}.Debug|x86.ActiveCfg = Debug|x86
		{E6B93F1E-1AE3-4557-B05E-7F08EB7D9956}.Debug|x86.Build.0 = Debug|x86
		{E6B93F1E-1AE3-4557-B05E-7F08EB7D9956}.Debug|x86.Deploy.0 = Debug|x86
		{E6B93F1E-1AE3-4557-B05E-7F08EB7D9956}.Release|Any CPU.ActiveCfg = Release|x86
		{E6B93F1E-1AE3-4557-B05E-7F08EB7D9956}.Release|ARM.ActiveCfg = Release|ARM
		{E6B93F1E-1AE3-4557-B05E-7F08EB7D9956}.Release|ARM.Build.0 = Release|ARM
		{E6B93F1E-1AE3-4557-B05E-7F08EB7D9956}.Release|ARM.Deploy.0 = Release|ARM
		{E6B93F1E-1AE3-4557-B05E-7F08EB7D9956}.Release|x64.ActiveCfg = Release|x64
		{E6B93F1E-1AE3-4557-B05E-7F08EB7D9956}.Release|x64.Build.0 = Release|x64
		{E6B93F1E-1AE3-4557-B05E-7F08EB7D9956}.Release|x64.Deploy.0 = Release|x64
		{E6B93F1E-1AE3-4557-B05E-7F08EB7D9956}.Release|x86.ActiveCfg = Release|x86
		{E6B93F1E-1AE3-4557-B05E-7F08EB7D9956}.Release|x86.Build.0 = Release|x86
		{E6B93F1E-1AE3-4557-B05E-7F08EB7D9956}.Release|x86.Deploy.0 = Release|x86
		{A343D14C-E5C3-4D80-8652-D598877E15BA}.Debug|Any CPU.ActiveCfg = Debug|x86
		{A343D14C-E5C3-4D80-8652-D598877E15BA}.Debug|ARM.ActiveCfg = Debug|ARM
		{A343D14C-E5C3-4D80-8652-D598877E15BA}.Debug|ARM.Build.0 = Debug|ARM
		{A343D14C-E5C3-4D80-8652-D598877E15BA}.Debug|ARM.Deploy.0 = Debug|ARM
		{A343D14C-E5C3-4D80-8652-D598877E15BA}.Debug|x64.ActiveCfg = Debug|x64
		{A343D14C-E5C3-4D80-8652-D598877E15BA}.Debug|x64.Build.0 = Debug|x64
		{A343D14C-E5C3-4D80-8652-D598877E15BA}.Debug|x64.Deploy.0 = Debug|x64
		{A343D14C-E5C3-4D80-8652-D598877E15BA}.Debug|x86.ActiveCfg = Debug|x86
		{A343D14C-E5C3-4D80-8652-D598877E15BA}.Debug|x86.Build.0 = Debug|x86
		{A343D14C-E5C3-4D80-8652-D598877E15BA}.Debug|x86.Deploy.0 = Debug|x86
		{A343D14C-E5C3-4D80-8652-D598877E15BA}.Release|Any CPU.ActiveCfg = Release|x86
		{A343D14C-E5C3-4D80-8652-D598877E15BA}.Release|ARM.ActiveCfg = Release|ARM
		{A343D14C-E5C3-4D80-8652-D598877E15BA}.Release|ARM.Build.0 = Release|ARM
		{A343D14C-E5C3-4D80-8652-D598877E15BA}.Release|ARM.Deploy.0 = Release|ARM
		{A343D14C-E5C3-4D80-8652-D598877E15BA}.Release|x64.ActiveCfg = Release|x64
		{A343D14C-E5C3-4D80-8652-D598877E15BA}.Release|x64.Build.0 = Release|x64
		{A343D14C-E5C3-4D80-8652-D598877E15BA}.Release|x64.Deploy.0 = Release|x64
		{A343D14C-E5C3-4D80-8652-D598877E15BA}.Release|x86.ActiveCfg = Release|x86
		{A343D14C-E5C3-4D80-8652-D598877E15BA}.Release|x86.Build.0 = Release|x86
		{A343D14C-E5C3-4D80-8652-D598877E15BA}.Release|x86.Deploy.0 = Release|x86
		{7A0C6B2F-1D31-425D-8A91-9D290010219F}.Debug|Any CPU.ActiveCfg = Debug|x86
		{7A0C6B2F-1D31-425D-8A91-9D290010219F}.Debug|ARM.ActiveCfg = Debug|ARM
		{7A0C6B2F-1D31-425D-8A91-9D290010219F}.Debug|ARM.Build.0 = Debug|ARM
		{7A0C6B2F-1D31-425D-8A91-9D290010219F}.Debug|ARM.Deploy.0 = Debug|ARM
		{7A0C6B2F-1D31-425D-8A91-9D290010219F}.Debug|x64.ActiveCfg = Debug|x64
		{7A0C6B2F-1D31-425D-8A91-9D290010219F}.Debug|x64.Build.0 = Debug|x64
		{7A0C6B2F-1D31-425D-8A91-9D290010219F}.Debug|x64.Deploy.0 = Debug|x64
		{7A0C6B2F-1D31-425D-8A91-9D290010219F}.Debug|x86.ActiveCfg = Debug|x86
		{7A0C6B2F-1D31-425D-8A91-9D290010219F}.Debug|x86.Build.0 = Debug|x86
		{7A0C6B2F-1D31-425D-8A91-9D290010219F}.Debug|x86.Deploy.0 = Debug|x86
		{7A0C6B2F-1D31-425D-8A91-9D290010219F}.Release|Any CPU.ActiveCfg = Release|x86
		{7A0C6B2F-1D31-425D-8A91-9D290010219F}.Release|ARM.ActiveCfg = Release|ARM
		{7A0C6B2F-1D31-425D-8A91-9D290010219F}.Release|ARM.Build.0 = Release|ARM
		{7A0C6B2F-1D31-425D-8A91-9D290010219F}.Release|ARM.Deploy.0 = Release|ARM
		{7A0C6B2F-1D31-425D-8A91-9D290010219F}.Release|x64.ActiveCfg = Release|x64
		{7A0C6B2F-1D31-425D-8A91-9D290010219F}.Release|x64.Build.0 = Release|x64
		{7A0C6B2F-1D31-425D-8A91-9D290010219F}.Release|x64.Deploy.0 = Release|x64
		{7A0C6B2F-1D31-425D-8A91-9D290010219F}.Release|x86.ActiveCfg = Release|x86
		{7A0C6B2F-1D31-425D-8A91-9D290010219F}.Release|x86.Build.0 = Release|x86
		{7A0C6B2F-1D31-425D-8A91-9D290010219F}.Release|x86.Deploy.0 = Release|x86
		{B43E807F-283D-4A3C-99E4-BEF150DE36AE}.Debug|Any CPU.ActiveCfg = Debug|Any CPU
		{B43E807F-283D-4A3C-99E4-BEF150DE36AE}.Debug|Any CPU.Build.0 = Debug|Any CPU
		{B43E807F-283D-4A3C-99E4-BEF150DE36AE}.Debug|ARM.ActiveCfg = Debug|ARM
		{B43E807F-283D-4A3C-99E4-BEF150DE36AE}.Debug|ARM.Build.0 = Debug|ARM
		{B43E807F-283D-4A3C-99E4-BEF150DE36AE}.Debug|x64.ActiveCfg = Debug|x64
		{B43E807F-283D-4A3C-99E4-BEF150DE36AE}.Debug|x64.Build.0 = Debug|x64
		{B43E807F-283D-4A3C-99E4-BEF150DE36AE}.Debug|x86.ActiveCfg = Debug|x86
		{B43E807F-283D-4A3C-99E4-BEF150DE36AE}.Debug|x86.Build.0 = Debug|x86
		{B43E807F-283D-4A3C-99E4-BEF150DE36AE}.Release|Any CPU.ActiveCfg = Release|Any CPU
		{B43E807F-283D-4A3C-99E4-BEF150DE36AE}.Release|Any CPU.Build.0 = Release|Any CPU
		{B43E807F-283D-4A3C-99E4-BEF150DE36AE}.Release|ARM.ActiveCfg = Release|ARM
		{B43E807F-283D-4A3C-99E4-BEF150DE36AE}.Release|ARM.Build.0 = Release|ARM
		{B43E807F-283D-4A3C-99E4-BEF150DE36AE}.Release|x64.ActiveCfg = Release|x64
		{B43E807F-283D-4A3C-99E4-BEF150DE36AE}.Release|x64.Build.0 = Release|x64
		{B43E807F-283D-4A3C-99E4-BEF150DE36AE}.Release|x86.ActiveCfg = Release|x86
		{B43E807F-283D-4A3C-99E4-BEF150DE36AE}.Release|x86.Build.0 = Release|x86
	EndGlobalSection
	GlobalSection(SolutionProperties) = preSolution
		HideSolutionNode = FALSE
	EndGlobalSection
	GlobalSection(NestedProjects) = preSolution
		{E6B93F1E-1AE3-4557-B05E-7F08EB7D9956} = {3F90ECAF-D42C-49BA-9556-DA22B396A167}
		{A343D14C-E5C3-4D80-8652-D598877E15BA} = {9E9D6907-BBBF-447A-BA0C-BACA31DCCDF4}
		{7A0C6B2F-1D31-425D-8A91-9D290010219F} = {F946F0BB-B95B-4CC1-BED6-54DC6F10FF45}
		{B43E807F-283D-4A3C-99E4-BEF150DE36AE} = {F946F0BB-B95B-4CC1-BED6-54DC6F10FF45}
	EndGlobalSection
EndGlobal
