
Microsoft Visual Studio Solution File, Format Version 12.00
# Visual Studio 14
VisualStudioVersion = 14.0.23107.0
MinimumVisualStudioVersion = 10.0.40219.1
Project("{FAE04EC0-301F-11D3-BF4B-00C04F79EFBC}") = "Cortana_UWP", "Cortana_UWP\Cortana_UWP.csproj", "{12B956CE-4DEB-40E6-B7DC-0DD900D34045}"
EndProject
Project("{FAE04EC0-301F-11D3-BF4B-00C04F79EFBC}") = "VoiceService", "VoiceService\VoiceService.csproj", "{3CF1C71C-752A-4620-84B3-75A3405B2395}"
EndProject
Global
	GlobalSection(SolutionConfigurationPlatforms) = preSolution
		Debug|Any CPU = Debug|Any CPU
		Debug|ARM = Debug|ARM
		Debug|x64 = Debug|x64
		Debug|x86 = Debug|x86
		Release|Any CPU = Release|Any CPU
		Release|ARM = Release|ARM
		Release|x64 = Release|x64
		Release|x86 = Release|x86
	EndGlobalSection
	GlobalSection(ProjectConfigurationPlatforms) = postSolution
		{12B956CE-4DEB-40E6-B7DC-0DD900D34045}.Debug|Any CPU.ActiveCfg = Debug|x86
		{12B956CE-4DEB-40E6-B7DC-0DD900D34045}.Debug|ARM.ActiveCfg = Debug|ARM
		{12B956CE-4DEB-40E6-B7DC-0DD900D34045}.Debug|ARM.Build.0 = Debug|ARM
		{12B956CE-4DEB-40E6-B7DC-0DD900D34045}.Debug|ARM.Deploy.0 = Debug|ARM
		{12B956CE-4DEB-40E6-B7DC-0DD900D34045}.Debug|x64.ActiveCfg = Debug|x64
		{12B956CE-4DEB-40E6-B7DC-0DD900D34045}.Debug|x64.Build.0 = Debug|x64
		{12B956CE-4DEB-40E6-B7DC-0DD900D34045}.Debug|x64.Deploy.0 = Debug|x64
		{12B956CE-4DEB-40E6-B7DC-0DD900D34045}.Debug|x86.ActiveCfg = Debug|x86
		{12B956CE-4DEB-40E6-B7DC-0DD900D34045}.Debug|x86.Build.0 = Debug|x86
		{12B956CE-4DEB-40E6-B7DC-0DD900D34045}.Debug|x86.Deploy.0 = Debug|x86
		{12B956CE-4DEB-40E6-B7DC-0DD900D34045}.Release|Any CPU.ActiveCfg = Release|x86
		{12B956CE-4DEB-40E6-B7DC-0DD900D34045}.Release|ARM.ActiveCfg = Release|ARM
		{12B956CE-4DEB-40E6-B7DC-0DD900D34045}.Release|ARM.Build.0 = Release|ARM
		{12B956CE-4DEB-40E6-B7DC-0DD900D34045}.Release|ARM.Deploy.0 = Release|ARM
		{12B956CE-4DEB-40E6-B7DC-0DD900D34045}.Release|x64.ActiveCfg = Release|x64
		{12B956CE-4DEB-40E6-B7DC-0DD900D34045}.Release|x64.Build.0 = Release|x64
		{12B956CE-4DEB-40E6-B7DC-0DD900D34045}.Release|x64.Deploy.0 = Release|x64
		{12B956CE-4DEB-40E6-B7DC-0DD900D34045}.Release|x86.ActiveCfg = Release|x86
		{12B956CE-4DEB-40E6-B7DC-0DD900D34045}.Release|x86.Build.0 = Release|x86
		{12B956CE-4DEB-40E6-B7DC-0DD900D34045}.Release|x86.Deploy.0 = Release|x86
		{3CF1C71C-752A-4620-84B3-75A3405B2395}.Debug|Any CPU.ActiveCfg = Debug|Any CPU
		{3CF1C71C-752A-4620-84B3-75A3405B2395}.Debug|Any CPU.Build.0 = Debug|Any CPU
		{3CF1C71C-752A-4620-84B3-75A3405B2395}.Debug|ARM.ActiveCfg = Debug|ARM
		{3CF1C71C-752A-4620-84B3-75A3405B2395}.Debug|ARM.Build.0 = Debug|ARM
		{3CF1C71C-752A-4620-84B3-75A3405B2395}.Debug|x64.ActiveCfg = Debug|x64
		{3CF1C71C-752A-4620-84B3-75A3405B2395}.Debug|x64.Build.0 = Debug|x64
		{3CF1C71C-752A-4620-84B3-75A3405B2395}.Debug|x86.ActiveCfg = Debug|x86
		{3CF1C71C-752A-4620-84B3-75A3405B2395}.Debug|x86.Build.0 = Debug|x86
		{3CF1C71C-752A-4620-84B3-75A3405B2395}.Release|Any CPU.ActiveCfg = Release|Any CPU
		{3CF1C71C-752A-4620-84B3-75A3405B2395}.Release|Any CPU.Build.0 = Release|Any CPU
		{3CF1C71C-752A-4620-84B3-75A3405B2395}.Release|ARM.ActiveCfg = Release|ARM
		{3CF1C71C-752A-4620-84B3-75A3405B2395}.Release|ARM.Build.0 = Release|ARM
		{3CF1C71C-752A-4620-84B3-75A3405B2395}.Release|x64.ActiveCfg = Release|x64
		{3CF1C71C-752A-4620-84B3-75A3405B2395}.Release|x64.Build.0 = Release|x64
		{3CF1C71C-752A-4620-84B3-75A3405B2395}.Release|x86.ActiveCfg = Release|x86
		{3CF1C71C-752A-4620-84B3-75A3405B2395}.Release|x86.Build.0 = Release|x86
	EndGlobalSection
	GlobalSection(SolutionProperties) = preSolution
		HideSolutionNode = FALSE
	EndGlobalSection
EndGlobal
